// !$*UTF8*$!
{
	archiveVersion = 1;
	classes = {
	};
	objectVersion = 50;
	objects = {

/* Begin PBXBuildFile section */
		A711DA4B26368907001DBD31 /* AppDelegate.swift in Sources */ = {isa = PBXBuildFile; fileRef = A711DA4A26368907001DBD31 /* AppDelegate.swift */; };
		A711DA4D26368907001DBD31 /* SceneDelegate.swift in Sources */ = {isa = PBXBuildFile; fileRef = A711DA4C26368907001DBD31 /* SceneDelegate.swift */; };
		A711DA5226368907001DBD31 /* Main.storyboard in Resources */ = {isa = PBXBuildFile; fileRef = A711DA5026368907001DBD31 /* Main.storyboard */; };
		A711DA5426368908001DBD31 /* Assets.xcassets in Resources */ = {isa = PBXBuildFile; fileRef = A711DA5326368908001DBD31 /* Assets.xcassets */; };
		A711DA5726368908001DBD31 /* LaunchScreen.storyboard in Resources */ = {isa = PBXBuildFile; fileRef = A711DA5526368908001DBD31 /* LaunchScreen.storyboard */; };
		A711DA6C2636A3FA001DBD31 /* WelcomeViewController.swift in Sources */ = {isa = PBXBuildFile; fileRef = A711DA6B2636A3FA001DBD31 /* WelcomeViewController.swift */; };
		A711DA8F2636F72F001DBD31 /* UIViewExtensions.swift in Sources */ = {isa = PBXBuildFile; fileRef = A711DA8E2636F72F001DBD31 /* UIViewExtensions.swift */; };
		A711DA942636F90A001DBD31 /* AboutAlgorithms.storyboard in Resources */ = {isa = PBXBuildFile; fileRef = A711DA932636F90A001DBD31 /* AboutAlgorithms.storyboard */; };
		A711DA9B2636F9F6001DBD31 /* AboutAlgorithmsViewController.swift in Sources */ = {isa = PBXBuildFile; fileRef = A711DA9A2636F9F6001DBD31 /* AboutAlgorithmsViewController.swift */; };
		A711DAA02636FAEB001DBD31 /* Algorithm.swift in Sources */ = {isa = PBXBuildFile; fileRef = A711DA9F2636FAEB001DBD31 /* Algorithm.swift */; };
		A711DAA32636FB24001DBD31 /* Person.swift in Sources */ = {isa = PBXBuildFile; fileRef = A711DAA22636FB24001DBD31 /* Person.swift */; };
		A711DAAA263719C4001DBD31 /* AlgorithmsInfoDataManager.swift in Sources */ = {isa = PBXBuildFile; fileRef = A711DAA9263719C4001DBD31 /* AlgorithmsInfoDataManager.swift */; };
/* End PBXBuildFile section */

/* Begin PBXFileReference section */
		A711DA4726368907001DBD31 /* EncryptApp.app */ = {isa = PBXFileReference; explicitFileType = wrapper.application; includeInIndex = 0; path = EncryptApp.app; sourceTree = BUILT_PRODUCTS_DIR; };
		A711DA4A26368907001DBD31 /* AppDelegate.swift */ = {isa = PBXFileReference; lastKnownFileType = sourcecode.swift; path = AppDelegate.swift; sourceTree = "<group>"; };
		A711DA4C26368907001DBD31 /* SceneDelegate.swift */ = {isa = PBXFileReference; lastKnownFileType = sourcecode.swift; path = SceneDelegate.swift; sourceTree = "<group>"; };
		A711DA5126368907001DBD31 /* Base */ = {isa = PBXFileReference; lastKnownFileType = file.storyboard; name = Base; path = Base.lproj/Main.storyboard; sourceTree = "<group>"; };
		A711DA5326368908001DBD31 /* Assets.xcassets */ = {isa = PBXFileReference; lastKnownFileType = folder.assetcatalog; path = Assets.xcassets; sourceTree = "<group>"; };
		A711DA5626368908001DBD31 /* Base */ = {isa = PBXFileReference; lastKnownFileType = file.storyboard; name = Base; path = Base.lproj/LaunchScreen.storyboard; sourceTree = "<group>"; };
		A711DA5826368908001DBD31 /* Info.plist */ = {isa = PBXFileReference; lastKnownFileType = text.plist.xml; path = Info.plist; sourceTree = "<group>"; };
		A711DA6B2636A3FA001DBD31 /* WelcomeViewController.swift */ = {isa = PBXFileReference; lastKnownFileType = sourcecode.swift; path = WelcomeViewController.swift; sourceTree = "<group>"; };
		A711DA8E2636F72F001DBD31 /* UIViewExtensions.swift */ = {isa = PBXFileReference; lastKnownFileType = sourcecode.swift; path = UIViewExtensions.swift; sourceTree = "<group>"; };
		A711DA932636F90A001DBD31 /* AboutAlgorithms.storyboard */ = {isa = PBXFileReference; lastKnownFileType = file.storyboard; path = AboutAlgorithms.storyboard; sourceTree = "<group>"; };
		A711DA9A2636F9F6001DBD31 /* AboutAlgorithmsViewController.swift */ = {isa = PBXFileReference; lastKnownFileType = sourcecode.swift; path = AboutAlgorithmsViewController.swift; sourceTree = "<group>"; };
		A711DA9F2636FAEB001DBD31 /* Algorithm.swift */ = {isa = PBXFileReference; lastKnownFileType = sourcecode.swift; path = Algorithm.swift; sourceTree = "<group>"; };
		A711DAA22636FB24001DBD31 /* Person.swift */ = {isa = PBXFileReference; lastKnownFileType = sourcecode.swift; path = Person.swift; sourceTree = "<group>"; };
		A711DAA9263719C4001DBD31 /* AlgorithmsInfoDataManager.swift */ = {isa = PBXFileReference; lastKnownFileType = sourcecode.swift; path = AlgorithmsInfoDataManager.swift; sourceTree = "<group>"; };
/* End PBXFileReference section */

/* Begin PBXFrameworksBuildPhase section */
		A711DA4426368907001DBD31 /* Frameworks */ = {
			isa = PBXFrameworksBuildPhase;
			buildActionMask = 2147483647;
			files = (
			);
			runOnlyForDeploymentPostprocessing = 0;
		};
/* End PBXFrameworksBuildPhase section */

/* Begin PBXGroup section */
		A711DA3E26368907001DBD31 = {
			isa = PBXGroup;
			children = (
				A711DA4926368907001DBD31 /* EncryptApp */,
				A711DA4826368907001DBD31 /* Products */,
			);
			sourceTree = "<group>";
		};
		A711DA4826368907001DBD31 /* Products */ = {
			isa = PBXGroup;
			children = (
				A711DA4726368907001DBD31 /* EncryptApp.app */,
			);
			name = Products;
			sourceTree = "<group>";
		};
		A711DA4926368907001DBD31 /* EncryptApp */ = {
			isa = PBXGroup;
			children = (
				A711DA8B2636F6F1001DBD31 /* Core */,
				A711DA9E2636FABB001DBD31 /* Models */,
				A711DA5F263697B5001DBD31 /* Supporting */,
				A711DA61263697BE001DBD31 /* ViewControllers */,
				A711DA63263697C7001DBD31 /* Storyboards */,
				A711DA64263697D2001DBD31 /* Resources */,
			);
			path = EncryptApp;
			sourceTree = "<group>";
		};
		A711DA5F263697B5001DBD31 /* Supporting */ = {
			isa = PBXGroup;
			children = (
				A711DA4A26368907001DBD31 /* AppDelegate.swift */,
				A711DA4C26368907001DBD31 /* SceneDelegate.swift */,
				A711DA5826368908001DBD31 /* Info.plist */,
			);
			path = Supporting;
			sourceTree = "<group>";
		};
		A711DA61263697BE001DBD31 /* ViewControllers */ = {
			isa = PBXGroup;
			children = (
				A711DA8D2636F712001DBD31 /* Extensions */,
				A711DA6B2636A3FA001DBD31 /* WelcomeViewController.swift */,
				A711DA9A2636F9F6001DBD31 /* AboutAlgorithmsViewController.swift */,
			);
			path = ViewControllers;
			sourceTree = "<group>";
		};
		A711DA63263697C7001DBD31 /* Storyboards */ = {
			isa = PBXGroup;
			children = (
				A711DA5026368907001DBD31 /* Main.storyboard */,
				A711DA5526368908001DBD31 /* LaunchScreen.storyboard */,
				A711DA932636F90A001DBD31 /* AboutAlgorithms.storyboard */,
			);
			path = Storyboards;
			sourceTree = "<group>";
		};
		A711DA64263697D2001DBD31 /* Resources */ = {
			isa = PBXGroup;
			children = (
				A711DA5326368908001DBD31 /* Assets.xcassets */,
			);
			path = Resources;
			sourceTree = "<group>";
		};
		A711DA8B2636F6F1001DBD31 /* Core */ = {
			isa = PBXGroup;
			children = (
				A711DAA826371986001DBD31 /* Services */,
			);
			path = Core;
			sourceTree = "<group>";
		};
		A711DA8D2636F712001DBD31 /* Extensions */ = {
			isa = PBXGroup;
			children = (
				A711DA8E2636F72F001DBD31 /* UIViewExtensions.swift */,
			);
			path = Extensions;
			sourceTree = "<group>";
		};
		A711DA9E2636FABB001DBD31 /* Models */ = {
			isa = PBXGroup;
			children = (
				A711DA9F2636FAEB001DBD31 /* Algorithm.swift */,
				A711DAA22636FB24001DBD31 /* Person.swift */,
			);
			path = Models;
			sourceTree = "<group>";
		};
		A711DAA826371986001DBD31 /* Services */ = {
			isa = PBXGroup;
			children = (
				A711DAA9263719C4001DBD31 /* AlgorithmsInfoDataManager.swift */,
			);
			path = Services;
			sourceTree = "<group>";
		};
/* End PBXGroup section */

/* Begin PBXNativeTarget section */
		A711DA4626368907001DBD31 /* EncryptApp */ = {
			isa = PBXNativeTarget;
			buildConfigurationList = A711DA5B26368908001DBD31 /* Build configuration list for PBXNativeTarget "EncryptApp" */;
			buildPhases = (
				A711DA4326368907001DBD31 /* Sources */,
				A711DA4426368907001DBD31 /* Frameworks */,
				A711DA4526368907001DBD31 /* Resources */,
			);
			buildRules = (
			);
			dependencies = (
			);
			name = EncryptApp;
			productName = EncryptApp;
			productReference = A711DA4726368907001DBD31 /* EncryptApp.app */;
			productType = "com.apple.product-type.application";
		};
/* End PBXNativeTarget section */

/* Begin PBXProject section */
		A711DA3F26368907001DBD31 /* Project object */ = {
			isa = PBXProject;
			attributes = {
				LastSwiftUpdateCheck = 1240;
				LastUpgradeCheck = 1240;
				TargetAttributes = {
					A711DA4626368907001DBD31 = {
						CreatedOnToolsVersion = 12.4;
					};
				};
			};
			buildConfigurationList = A711DA4226368907001DBD31 /* Build configuration list for PBXProject "EncryptApp" */;
			compatibilityVersion = "Xcode 9.3";
			developmentRegion = en;
			hasScannedForEncodings = 0;
			knownRegions = (
				en,
				Base,
			);
			mainGroup = A711DA3E26368907001DBD31;
			productRefGroup = A711DA4826368907001DBD31 /* Products */;
			projectDirPath = "";
			projectRoot = "";
			targets = (
				A711DA4626368907001DBD31 /* EncryptApp */,
			);
		};
/* End PBXProject section */

/* Begin PBXResourcesBuildPhase section */
		A711DA4526368907001DBD31 /* Resources */ = {
			isa = PBXResourcesBuildPhase;
			buildActionMask = 2147483647;
			files = (
				A711DA5726368908001DBD31 /* LaunchScreen.storyboard in Resources */,
				A711DA5426368908001DBD31 /* Assets.xcassets in Resources */,
				A711DA942636F90A001DBD31 /* AboutAlgorithms.storyboard in Resources */,
				A711DA5226368907001DBD31 /* Main.storyboard in Resources */,
			);
			runOnlyForDeploymentPostprocessing = 0;
		};
/* End PBXResourcesBuildPhase section */

/* Begin PBXSourcesBuildPhase section */
		A711DA4326368907001DBD31 /* Sources */ = {
			isa = PBXSourcesBuildPhase;
			buildActionMask = 2147483647;
			files = (
				A711DA8F2636F72F001DBD31 /* UIViewExtensions.swift in Sources */,
				A711DAA02636FAEB001DBD31 /* Algorithm.swift in Sources */,
				A711DA9B2636F9F6001DBD31 /* AboutAlgorithmsViewController.swift in Sources */,
				A711DA6C2636A3FA001DBD31 /* WelcomeViewController.swift in Sources */,
				A711DAA32636FB24001DBD31 /* Person.swift in Sources */,
				A711DAAA263719C4001DBD31 /* AlgorithmsInfoDataManager.swift in Sources */,
				A711DA4B26368907001DBD31 /* AppDelegate.swift in Sources */,
				A711DA4D26368907001DBD31 /* SceneDelegate.swift in Sources */,
			);
			runOnlyForDeploymentPostprocessing = 0;
		};
/* End PBXSourcesBuildPhase section */

/* Begin PBXVariantGroup section */
		A711DA5026368907001DBD31 /* Main.storyboard */ = {
			isa = PBXVariantGroup;
			children = (
				A711DA5126368907001DBD31 /* Base */,
			);
			name = Main.storyboard;
			sourceTree = "<group>";
		};
		A711DA5526368908001DBD31 /* LaunchScreen.storyboard */ = {
			isa = PBXVariantGroup;
			children = (
				A711DA5626368908001DBD31 /* Base */,
			);
			name = LaunchScreen.storyboard;
			sourceTree = "<group>";
		};
/* End PBXVariantGroup section */

/* Begin XCBuildConfiguration section */
		A711DA5926368908001DBD31 /* Debug */ = {
			isa = XCBuildConfiguration;
			buildSettings = {
				ALWAYS_SEARCH_USER_PATHS = NO;
				CLANG_ANALYZER_NONNULL = YES;
				CLANG_ANALYZER_NUMBER_OBJECT_CONVERSION = YES_AGGRESSIVE;
				CLANG_CXX_LANGUAGE_STANDARD = "gnu++14";
				CLANG_CXX_LIBRARY = "libc++";
				CLANG_ENABLE_MODULES = YES;
				CLANG_ENABLE_OBJC_ARC = YES;
				CLANG_ENABLE_OBJC_WEAK = YES;
				CLANG_WARN_BLOCK_CAPTURE_AUTORELEASING = YES;
				CLANG_WARN_BOOL_CONVERSION = YES;
				CLANG_WARN_COMMA = YES;
				CLANG_WARN_CONSTANT_CONVERSION = YES;
				CLANG_WARN_DEPRECATED_OBJC_IMPLEMENTATIONS = YES;
				CLANG_WARN_DIRECT_OBJC_ISA_USAGE = YES_ERROR;
				CLANG_WARN_DOCUMENTATION_COMMENTS = YES;
				CLANG_WARN_EMPTY_BODY = YES;
				CLANG_WARN_ENUM_CONVERSION = YES;
				CLANG_WARN_INFINITE_RECURSION = YES;
				CLANG_WARN_INT_CONVERSION = YES;
				CLANG_WARN_NON_LITERAL_NULL_CONVERSION = YES;
				CLANG_WARN_OBJC_IMPLICIT_RETAIN_SELF = YES;
				CLANG_WARN_OBJC_LITERAL_CONVERSION = YES;
				CLANG_WARN_OBJC_ROOT_CLASS = YES_ERROR;
				CLANG_WARN_QUOTED_INCLUDE_IN_FRAMEWORK_HEADER = YES;
				CLANG_WARN_RANGE_LOOP_ANALYSIS = YES;
				CLANG_WARN_STRICT_PROTOTYPES = YES;
				CLANG_WARN_SUSPICIOUS_MOVE = YES;
				CLANG_WARN_UNGUARDED_AVAILABILITY = YES_AGGRESSIVE;
				CLANG_WARN_UNREACHABLE_CODE = YES;
				CLANG_WARN__DUPLICATE_METHOD_MATCH = YES;
				COPY_PHASE_STRIP = NO;
				DEBUG_INFORMATION_FORMAT = dwarf;
				ENABLE_STRICT_OBJC_MSGSEND = YES;
				ENABLE_TESTABILITY = YES;
				GCC_C_LANGUAGE_STANDARD = gnu11;
				GCC_DYNAMIC_NO_PIC = NO;
				GCC_NO_COMMON_BLOCKS = YES;
				GCC_OPTIMIZATION_LEVEL = 0;
				GCC_PREPROCESSOR_DEFINITIONS = (
					"DEBUG=1",
					"$(inherited)",
				);
				GCC_WARN_64_TO_32_BIT_CONVERSION = YES;
				GCC_WARN_ABOUT_RETURN_TYPE = YES_ERROR;
				GCC_WARN_UNDECLARED_SELECTOR = YES;
				GCC_WARN_UNINITIALIZED_AUTOS = YES_AGGRESSIVE;
				GCC_WARN_UNUSED_FUNCTION = YES;
				GCC_WARN_UNUSED_VARIABLE = YES;
				IPHONEOS_DEPLOYMENT_TARGET = 14.4;
				MTL_ENABLE_DEBUG_INFO = INCLUDE_SOURCE;
				MTL_FAST_MATH = YES;
				ONLY_ACTIVE_ARCH = YES;
				SDKROOT = iphoneos;
				SWIFT_ACTIVE_COMPILATION_CONDITIONS = DEBUG;
				SWIFT_OPTIMIZATION_LEVEL = "-Onone";
			};
			name = Debug;
		};
		A711DA5A26368908001DBD31 /* Release */ = {
			isa = XCBuildConfiguration;
			buildSettings = {
				ALWAYS_SEARCH_USER_PATHS = NO;
				CLANG_ANALYZER_NONNULL = YES;
				CLANG_ANALYZER_NUMBER_OBJECT_CONVERSION = YES_AGGRESSIVE;
				CLANG_CXX_LANGUAGE_STANDARD = "gnu++14";
				CLANG_CXX_LIBRARY = "libc++";
				CLANG_ENABLE_MODULES = YES;
				CLANG_ENABLE_OBJC_ARC = YES;
				CLANG_ENABLE_OBJC_WEAK = YES;
				CLANG_WARN_BLOCK_CAPTURE_AUTORELEASING = YES;
				CLANG_WARN_BOOL_CONVERSION = YES;
				CLANG_WARN_COMMA = YES;
				CLANG_WARN_CONSTANT_CONVERSION = YES;
				CLANG_WARN_DEPRECATED_OBJC_IMPLEMENTATIONS = YES;
				CLANG_WARN_DIRECT_OBJC_ISA_USAGE = YES_ERROR;
				CLANG_WARN_DOCUMENTATION_COMMENTS = YES;
				CLANG_WARN_EMPTY_BODY = YES;
				CLANG_WARN_ENUM_CONVERSION = YES;
				CLANG_WARN_INFINITE_RECURSION = YES;
				CLANG_WARN_INT_CONVERSION = YES;
				CLANG_WARN_NON_LITERAL_NULL_CONVERSION = YES;
				CLANG_WARN_OBJC_IMPLICIT_RETAIN_SELF = YES;
				CLANG_WARN_OBJC_LITERAL_CONVERSION = YES;
				CLANG_WARN_OBJC_ROOT_CLASS = YES_ERROR;
				CLANG_WARN_QUOTED_INCLUDE_IN_FRAMEWORK_HEADER = YES;
				CLANG_WARN_RANGE_LOOP_ANALYSIS = YES;
				CLANG_WARN_STRICT_PROTOTYPES = YES;
				CLANG_WARN_SUSPICIOUS_MOVE = YES;
				CLANG_WARN_UNGUARDED_AVAILABILITY = YES_AGGRESSIVE;
				CLANG_WARN_UNREACHABLE_CODE = YES;
				CLANG_WARN__DUPLICATE_METHOD_MATCH = YES;
				COPY_PHASE_STRIP = NO;
				DEBUG_INFORMATION_FORMAT = "dwarf-with-dsym";
				ENABLE_NS_ASSERTIONS = NO;
				ENABLE_STRICT_OBJC_MSGSEND = YES;
				GCC_C_LANGUAGE_STANDARD = gnu11;
				GCC_NO_COMMON_BLOCKS = YES;
				GCC_WARN_64_TO_32_BIT_CONVERSION = YES;
				GCC_WARN_ABOUT_RETURN_TYPE = YES_ERROR;
				GCC_WARN_UNDECLARED_SELECTOR = YES;
				GCC_WARN_UNINITIALIZED_AUTOS = YES_AGGRESSIVE;
				GCC_WARN_UNUSED_FUNCTION = YES;
				GCC_WARN_UNUSED_VARIABLE = YES;
				IPHONEOS_DEPLOYMENT_TARGET = 14.4;
				MTL_ENABLE_DEBUG_INFO = NO;
				MTL_FAST_MATH = YES;
				SDKROOT = iphoneos;
				SWIFT_COMPILATION_MODE = wholemodule;
				SWIFT_OPTIMIZATION_LEVEL = "-O";
				VALIDATE_PRODUCT = YES;
			};
			name = Release;
		};
		A711DA5C26368908001DBD31 /* Debug */ = {
			isa = XCBuildConfiguration;
			buildSettings = {
				ASSETCATALOG_COMPILER_APPICON_NAME = AppIcon;
				ASSETCATALOG_COMPILER_GLOBAL_ACCENT_COLOR_NAME = AccentColor;
				CODE_SIGN_STYLE = Automatic;
				DEVELOPMENT_TEAM = 4JX7HPBVUY;
				INFOPLIST_FILE = EncryptApp/Supporting/Info.plist;
				LD_RUNPATH_SEARCH_PATHS = (
					"$(inherited)",
					"@executable_path/Frameworks",
				);
				PRODUCT_BUNDLE_IDENTIFIER = com.example.EncryptApp;
				PRODUCT_NAME = "$(TARGET_NAME)";
				SWIFT_VERSION = 5.0;
				TARGETED_DEVICE_FAMILY = "1,2";
			};
			name = Debug;
		};
		A711DA5D26368908001DBD31 /* Release */ = {
			isa = XCBuildConfiguration;
			buildSettings = {
				ASSETCATALOG_COMPILER_APPICON_NAME = AppIcon;
				ASSETCATALOG_COMPILER_GLOBAL_ACCENT_COLOR_NAME = AccentColor;
				CODE_SIGN_STYLE = Automatic;
				DEVELOPMENT_TEAM = 4JX7HPBVUY;
				INFOPLIST_FILE = EncryptApp/Supporting/Info.plist;
				LD_RUNPATH_SEARCH_PATHS = (
					"$(inherited)",
					"@executable_path/Frameworks",
				);
				PRODUCT_BUNDLE_IDENTIFIER = com.example.EncryptApp;
				PRODUCT_NAME = "$(TARGET_NAME)";
				SWIFT_VERSION = 5.0;
				TARGETED_DEVICE_FAMILY = "1,2";
			};
			name = Release;
		};
/* End XCBuildConfiguration section */

/* Begin XCConfigurationList section */
		A711DA4226368907001DBD31 /* Build configuration list for PBXProject "EncryptApp" */ = {
			isa = XCConfigurationList;
			buildConfigurations = (
				A711DA5926368908001DBD31 /* Debug */,
				A711DA5A26368908001DBD31 /* Release */,
			);
			defaultConfigurationIsVisible = 0;
			defaultConfigurationName = Release;
		};
		A711DA5B26368908001DBD31 /* Build configuration list for PBXNativeTarget "EncryptApp" */ = {
			isa = XCConfigurationList;
			buildConfigurations = (
				A711DA5C26368908001DBD31 /* Debug */,
				A711DA5D26368908001DBD31 /* Release */,
			);
			defaultConfigurationIsVisible = 0;
			defaultConfigurationName = Release;
		};
/* End XCConfigurationList section */
	};
	rootObject = A711DA3F26368907001DBD31 /* Project object */;
}
